
Microsoft Visual Studio Solution File, Format Version 12.00
# Visual Studio 15
VisualStudioVersion = 15.0.26730.16
MinimumVisualStudioVersion = 10.0.40219.1
Project("{FAE04EC0-301F-11D3-BF4B-00C04F79EFBC}") = "RF.VehicleTracker.UI", "RF.VehicleTracker.UI\RF.VehicleTracker.UI.csproj", "{287878F3-03AC-4A7B-BF69-C6A08DF71FF6}"
EndProject
Project("{FAE04EC0-301F-11D3-BF4B-00C04F79EFBC}") = "RF.VehicleTracker.BL", "RF.VehicleTracker.BL\RF.VehicleTracker.BL.csproj", "{FDEA71B9-4157-4C16-8338-50291287FD48}"
EndProject
Project("{FAE04EC0-301F-11D3-BF4B-00C04F79EFBC}") = "RF.VehicleTracker.PL", "RF.VehicleTracker.PL\RF.VehicleTracker.PL.csproj", "{6A4C753C-E273-44A2-B6A0-94593CC683AA}"
EndProject
Project("{00D1A9C2-B5F0-4AF3-8072-F6C62B433612}") = "RF.VehicleTracker.DB", "RF.VehicleTracker.DB\RF.VehicleTracker.DB.sqlproj", "{12A579BE-1532-44A2-B4E8-E784813197B5}"
EndProject
Project("{FAE04EC0-301F-11D3-BF4B-00C04F79EFBC}") = "RF.VehicleTracker.PL.Test", "RF.VehicleTracker.PL.Test\RF.VehicleTracker.PL.Test.csproj", "{A4AD4B2D-0E83-4258-8FAE-D8A4ED86F3B2}"
EndProject
Project("{FAE04EC0-301F-11D3-BF4B-00C04F79EFBC}") = "RF.VehicleTracker.BL.Test", "RF.VehicleTracker.BL.Test\RF.VehicleTracker.BL.Test.csproj", "{A43B1565-7EDD-4593-94C9-71F977CAB30B}"
EndProject
Project("{FAE04EC0-301F-11D3-BF4B-00C04F79EFBC}") = "RF.VehicleTracker.UIService", "RF.VehicleTracker.UIService\RF.VehicleTracker.UIService.csproj", "{E141B712-521B-4B60-9753-D3C41298F001}"
	ProjectSection(ProjectDependencies) = postProject
		{55D5818F-1E6C-450B-9444-8AECC1C18872} = {55D5818F-1E6C-450B-9444-8AECC1C18872}
	EndProjectSection
EndProject
Project("{FAE04EC0-301F-11D3-BF4B-00C04F79EFBC}") = "RF.VehicleTracker.SL", "RF.VehicleTracker.SL\RF.VehicleTracker.SL.csproj", "{55D5818F-1E6C-450B-9444-8AECC1C18872}"
EndProject
Project("{FAE04EC0-301F-11D3-BF4B-00C04F79EFBC}") = "RF.VehicleTracker.CC", "RF.VehicleTracker.CC\RF.VehicleTracker.CC.csproj", "{85E8E9E9-4978-4E0C-9C19-BDF900FB8BFA}"
EndProject
Project("{FAE04EC0-301F-11D3-BF4B-00C04F79EFBC}") = "RF.Utilies.Exporter", "RF.Utilies.Exporter\RF.Utilies.Exporter.csproj", "{08E7E9EA-F843-4EED-9A65-8C29FF8A38C1}"
EndProject
Project("{FAE04EC0-301F-11D3-BF4B-00C04F79EFBC}") = "RF.VehicleTracker.Twittertalk", "RF.VehicleTracker.Twittertalk\RF.VehicleTracker.Twittertalk.csproj", "{D13A2259-55E8-4A58-92EB-54678012CEB1}"
EndProject
Global
	GlobalSection(SolutionConfigurationPlatforms) = preSolution
		Debug|Any CPU = Debug|Any CPU
		Release|Any CPU = Release|Any CPU
	EndGlobalSection
	GlobalSection(ProjectConfigurationPlatforms) = postSolution
		{287878F3-03AC-4A7B-BF69-C6A08DF71FF6}.Debug|Any CPU.ActiveCfg = Debug|Any CPU
		{287878F3-03AC-4A7B-BF69-C6A08DF71FF6}.Debug|Any CPU.Build.0 = Debug|Any CPU
		{287878F3-03AC-4A7B-BF69-C6A08DF71FF6}.Release|Any CPU.ActiveCfg = Release|Any CPU
		{287878F3-03AC-4A7B-BF69-C6A08DF71FF6}.Release|Any CPU.Build.0 = Release|Any CPU
		{FDEA71B9-4157-4C16-8338-50291287FD48}.Debug|Any CPU.ActiveCfg = Debug|Any CPU
		{FDEA71B9-4157-4C16-8338-50291287FD48}.Debug|Any CPU.Build.0 = Debug|Any CPU
		{FDEA71B9-4157-4C16-8338-50291287FD48}.Release|Any CPU.ActiveCfg = Release|Any CPU
		{FDEA71B9-4157-4C16-8338-50291287FD48}.Release|Any CPU.Build.0 = Release|Any CPU
		{6A4C753C-E273-44A2-B6A0-94593CC683AA}.Debug|Any CPU.ActiveCfg = Debug|Any CPU
		{6A4C753C-E273-44A2-B6A0-94593CC683AA}.Debug|Any CPU.Build.0 = Debug|Any CPU
		{6A4C753C-E273-44A2-B6A0-94593CC683AA}.Release|Any CPU.ActiveCfg = Release|Any CPU
		{6A4C753C-E273-44A2-B6A0-94593CC683AA}.Release|Any CPU.Build.0 = Release|Any CPU
		{12A579BE-1532-44A2-B4E8-E784813197B5}.Debug|Any CPU.ActiveCfg = Debug|Any CPU
		{12A579BE-1532-44A2-B4E8-E784813197B5}.Debug|Any CPU.Build.0 = Debug|Any CPU
		{12A579BE-1532-44A2-B4E8-E784813197B5}.Debug|Any CPU.Deploy.0 = Debug|Any CPU
		{12A579BE-1532-44A2-B4E8-E784813197B5}.Release|Any CPU.ActiveCfg = Release|Any CPU
		{12A579BE-1532-44A2-B4E8-E784813197B5}.Release|Any CPU.Build.0 = Release|Any CPU
		{12A579BE-1532-44A2-B4E8-E784813197B5}.Release|Any CPU.Deploy.0 = Release|Any CPU
		{A4AD4B2D-0E83-4258-8FAE-D8A4ED86F3B2}.Debug|Any CPU.ActiveCfg = Debug|Any CPU
		{A4AD4B2D-0E83-4258-8FAE-D8A4ED86F3B2}.Debug|Any CPU.Build.0 = Debug|Any CPU
		{A4AD4B2D-0E83-4258-8FAE-D8A4ED86F3B2}.Release|Any CPU.ActiveCfg = Release|Any CPU
		{A4AD4B2D-0E83-4258-8FAE-D8A4ED86F3B2}.Release|Any CPU.Build.0 = Release|Any CPU
		{A43B1565-7EDD-4593-94C9-71F977CAB30B}.Debug|Any CPU.ActiveCfg = Debug|Any CPU
		{A43B1565-7EDD-4593-94C9-71F977CAB30B}.Debug|Any CPU.Build.0 = Debug|Any CPU
		{A43B1565-7EDD-4593-94C9-71F977CAB30B}.Release|Any CPU.ActiveCfg = Release|Any CPU
		{A43B1565-7EDD-4593-94C9-71F977CAB30B}.Release|Any CPU.Build.0 = Release|Any CPU
		{E141B712-521B-4B60-9753-D3C41298F001}.Debug|Any CPU.ActiveCfg = Debug|Any CPU
		{E141B712-521B-4B60-9753-D3C41298F001}.Debug|Any CPU.Build.0 = Debug|Any CPU
		{E141B712-521B-4B60-9753-D3C41298F001}.Release|Any CPU.ActiveCfg = Release|Any CPU
		{E141B712-521B-4B60-9753-D3C41298F001}.Release|Any CPU.Build.0 = Release|Any CPU
		{55D5818F-1E6C-450B-9444-8AECC1C18872}.Debug|Any CPU.ActiveCfg = Debug|Any CPU
		{55D5818F-1E6C-450B-9444-8AECC1C18872}.Debug|Any CPU.Build.0 = Debug|Any CPU
		{55D5818F-1E6C-450B-9444-8AECC1C18872}.Release|Any CPU.ActiveCfg = Release|Any CPU
		{55D5818F-1E6C-450B-9444-8AECC1C18872}.Release|Any CPU.Build.0 = Release|Any CPU
		{85E8E9E9-4978-4E0C-9C19-BDF900FB8BFA}.Debug|Any CPU.ActiveCfg = Debug|Any CPU
		{85E8E9E9-4978-4E0C-9C19-BDF900FB8BFA}.Debug|Any CPU.Build.0 = Debug|Any CPU
		{85E8E9E9-4978-4E0C-9C19-BDF900FB8BFA}.Release|Any CPU.ActiveCfg = Release|Any CPU
		{85E8E9E9-4978-4E0C-9C19-BDF900FB8BFA}.Release|Any CPU.Build.0 = Release|Any CPU
		{08E7E9EA-F843-4EED-9A65-8C29FF8A38C1}.Debug|Any CPU.ActiveCfg = Debug|Any CPU
		{08E7E9EA-F843-4EED-9A65-8C29FF8A38C1}.Debug|Any CPU.Build.0 = Debug|Any CPU
		{08E7E9EA-F843-4EED-9A65-8C29FF8A38C1}.Release|Any CPU.ActiveCfg = Release|Any CPU
		{08E7E9EA-F843-4EED-9A65-8C29FF8A38C1}.Release|Any CPU.Build.0 = Release|Any CPU
		{D13A2259-55E8-4A58-92EB-54678012CEB1}.Debug|Any CPU.ActiveCfg = Debug|Any CPU
		{D13A2259-55E8-4A58-92EB-54678012CEB1}.Debug|Any CPU.Build.0 = Debug|Any CPU
		{D13A2259-55E8-4A58-92EB-54678012CEB1}.Release|Any CPU.ActiveCfg = Release|Any CPU
		{D13A2259-55E8-4A58-92EB-54678012CEB1}.Release|Any CPU.Build.0 = Release|Any CPU
	EndGlobalSection
	GlobalSection(SolutionProperties) = preSolution
		HideSolutionNode = FALSE
	EndGlobalSection
	GlobalSection(ExtensibilityGlobals) = postSolution
		SolutionGuid = {16268D94-34BD-491D-A648-EF7EC4E045C5}
	EndGlobalSection
	GlobalSection(TeamFoundationVersionControl) = preSolution
		SccNumberOfProjects = 12
		SccEnterpriseProvider = {4CA58AB2-18FA-4F8D-95D4-32DDF27D184C}
		SccTeamFoundationServer = https://richardfrank.visualstudio.com/
		SccLocalPath0 = .
		SccProjectUniqueName1 = RF.VehicleTracker.UI\\RF.VehicleTracker.UI.csproj
		SccProjectName1 = RF.VehicleTracker.UI
		SccLocalPath1 = RF.VehicleTracker.UI
		SccProjectUniqueName2 = RF.VehicleTracker.BL\\RF.VehicleTracker.BL.csproj
		SccProjectName2 = RF.VehicleTracker.BL
		SccLocalPath2 = RF.VehicleTracker.BL
		SccProjectUniqueName3 = RF.VehicleTracker.PL\\RF.VehicleTracker.PL.csproj
		SccProjectName3 = RF.VehicleTracker.PL
		SccLocalPath3 = RF.VehicleTracker.PL
		SccProjectUniqueName4 = RF.VehicleTracker.DB\\RF.VehicleTracker.DB.sqlproj
		SccProjectName4 = RF.VehicleTracker.DB
		SccLocalPath4 = RF.VehicleTracker.DB
		SccProjectUniqueName5 = RF.VehicleTracker.PL.Test\\RF.VehicleTracker.PL.Test.csproj
		SccProjectName5 = RF.VehicleTracker.PL.Test
		SccLocalPath5 = RF.VehicleTracker.PL.Test
		SccProjectUniqueName6 = RF.VehicleTracker.BL.Test\\RF.VehicleTracker.BL.Test.csproj
		SccProjectName6 = RF.VehicleTracker.BL.Test
		SccLocalPath6 = RF.VehicleTracker.BL.Test
		SccProjectUniqueName7 = RF.VehicleTracker.UIService\\RF.VehicleTracker.UIService.csproj
		SccProjectName7 = RF.VehicleTracker.UIService
		SccLocalPath7 = RF.VehicleTracker.UIService
		SccProjectUniqueName8 = RF.VehicleTracker.SL\\RF.VehicleTracker.SL.csproj
		SccProjectName8 = RF.VehicleTracker.SL
		SccLocalPath8 = RF.VehicleTracker.SL
		SccProjectUniqueName9 = RF.VehicleTracker.CC\\RF.VehicleTracker.CC.csproj
		SccProjectName9 = RF.VehicleTracker.CC
		SccLocalPath9 = RF.VehicleTracker.CC
		SccProjectUniqueName10 = RF.Utilies.Exporter\\RF.Utilies.Exporter.csproj
		SccProjectName10 = RF.Utilies.Exporter
		SccLocalPath10 = RF.Utilies.Exporter
		SccProjectUniqueName11 = RF.VehicleTracker.Twittertalk\\RF.VehicleTracker.Twittertalk.csproj
		SccProjectName11 = RF.VehicleTracker.Twittertalk
		SccLocalPath11 = RF.VehicleTracker.Twittertalk
	EndGlobalSection
EndGlobal
