
Microsoft Visual Studio Solution File, Format Version 12.00
# Visual Studio 15
VisualStudioVersion = 15.0.26730.12
MinimumVisualStudioVersion = 10.0.40219.1
Project("{FAE04EC0-301F-11D3-BF4B-00C04F79EFBC}") = "RF.ExponentCalc", "RF.ExponentCalc\RF.ExponentCalc.csproj", "{AFA71E07-CC1E-4ADC-99FA-CC5948D777B0}"
EndProject
Global
	GlobalSection(SolutionConfigurationPlatforms) = preSolution
		Debug|Any CPU = Debug|Any CPU
		Release|Any CPU = Release|Any CPU
	EndGlobalSection
	GlobalSection(ProjectConfigurationPlatforms) = postSolution
		{AFA71E07-CC1E-4ADC-99FA-CC5948D777B0}.Debug|Any CPU.ActiveCfg = Debug|Any CPU
		{AFA71E07-CC1E-4ADC-99FA-CC5948D777B0}.Debug|Any CPU.Build.0 = Debug|Any CPU
		{AFA71E07-CC1E-4ADC-99FA-CC5948D777B0}.Release|Any CPU.ActiveCfg = Release|Any CPU
		{AFA71E07-CC1E-4ADC-99FA-CC5948D777B0}.Release|Any CPU.Build.0 = Release|Any CPU
	EndGlobalSection
	GlobalSection(SolutionProperties) = preSolution
		HideSolutionNode = FALSE
	EndGlobalSection
	GlobalSection(ExtensibilityGlobals) = postSolution
		SolutionGuid = {EACE3D15-C590-4AA6-929E-491F89D9236D}
	EndGlobalSection
	GlobalSection(TeamFoundationVersionControl) = preSolution
		SccNumberOfProjects = 2
		SccEnterpriseProvider = {4CA58AB2-18FA-4F8D-95D4-32DDF27D184C}
		SccTeamFoundationServer = https://richardfrank.visualstudio.com/
		SccLocalPath0 = .
		SccProjectUniqueName1 = RF.ExponentCalc\\RF.ExponentCalc.csproj
		SccProjectName1 = RF.ExponentCalc
		SccLocalPath1 = RF.ExponentCalc
	EndGlobalSection
EndGlobal
